
Microsoft Visual Studio Solution File, Format Version 12.00
# Visual Studio Version 16
VisualStudioVersion = 16.0.31729.503
MinimumVisualStudioVersion = 10.0.40219.1
Project("{8BC9CEB8-8B4A-11D0-8D11-00A0C91BC942}") = "testthoigian", "testthoigian\testthoigian.vcxproj", "{987AA934-37C8-4DBE-A36B-2FB93EBEC0DC}"
EndProject
Global
	GlobalSection(SolutionConfigurationPlatforms) = preSolution
		Debug|x64 = Debug|x64
		Debug|x86 = Debug|x86
		Release|x64 = Release|x64
		Release|x86 = Release|x86
	EndGlobalSection
	GlobalSection(ProjectConfigurationPlatforms) = postSolution
		{987AA934-37C8-4DBE-A36B-2FB93EBEC0DC}.Debug|x64.ActiveCfg = Debug|x64
		{987AA934-37C8-4DBE-A36B-2FB93EBEC0DC}.Debug|x64.Build.0 = Debug|x64
		{987AA934-37C8-4DBE-A36B-2FB93EBEC0DC}.Debug|x86.ActiveCfg = Debug|Win32
		{987AA934-37C8-4DBE-A36B-2FB93EBEC0DC}.Debug|x86.Build.0 = Debug|Win32
		{987AA934-37C8-4DBE-A36B-2FB93EBEC0DC}.Release|x64.ActiveCfg = Release|x64
		{987AA934-37C8-4DBE-A36B-2FB93EBEC0DC}.Release|x64.Build.0 = Release|x64
		{987AA934-37C8-4DBE-A36B-2FB93EBEC0DC}.Release|x86.ActiveCfg = Release|Win32
		{987AA934-37C8-4DBE-A36B-2FB93EBEC0DC}.Release|x86.Build.0 = Release|Win32
	EndGlobalSection
	GlobalSection(SolutionProperties) = preSolution
		HideSolutionNode = FALSE
	EndGlobalSection
	GlobalSection(ExtensibilityGlobals) = postSolution
		SolutionGuid = {DBCFCC14-F0EC-4C5C-9C69-71CA6A187FB6}
	EndGlobalSection
EndGlobal
